
Microsoft Visual Studio Solution File, Format Version 12.00
# Visual Studio Version 16
VisualStudioVersion = 16.0.29215.179
MinimumVisualStudioVersion = 10.0.40219.1
Project("{9A19103F-16F7-4668-BE54-9A1E7A4F7556}") = "TestBack", "test-back\TestBack.csproj", "{1B24A20D-05E1-4FD8-B7A8-D8A1E1785D20}"
EndProject
Project("{9A19103F-16F7-4668-BE54-9A1E7A4F7556}") = "TestBack.BL", "test-back.BL\TestBack.BL.csproj", "{0D5C3B30-8C1D-4BD1-9B55-8E9854CA9E27}"
EndProject
Project("{FAE04EC0-301F-11D3-BF4B-00C04F79EFBC}") = "TestBack.Models", "TestBack.Models\TestBack.Models.csproj", "{86D5FE07-4B82-45F6-8A24-EEBA143CDD33}"
EndProject
Global
	GlobalSection(SolutionConfigurationPlatforms) = preSolution
		Debug|Any CPU = Debug|Any CPU
		Release|Any CPU = Release|Any CPU
	EndGlobalSection
	GlobalSection(ProjectConfigurationPlatforms) = postSolution
		{1B24A20D-05E1-4FD8-B7A8-D8A1E1785D20}.Debug|Any CPU.ActiveCfg = Debug|Any CPU
		{1B24A20D-05E1-4FD8-B7A8-D8A1E1785D20}.Debug|Any CPU.Build.0 = Debug|Any CPU
		{1B24A20D-05E1-4FD8-B7A8-D8A1E1785D20}.Release|Any CPU.ActiveCfg = Release|Any CPU
		{1B24A20D-05E1-4FD8-B7A8-D8A1E1785D20}.Release|Any CPU.Build.0 = Release|Any CPU
		{0D5C3B30-8C1D-4BD1-9B55-8E9854CA9E27}.Debug|Any CPU.ActiveCfg = Debug|Any CPU
		{0D5C3B30-8C1D-4BD1-9B55-8E9854CA9E27}.Debug|Any CPU.Build.0 = Debug|Any CPU
		{0D5C3B30-8C1D-4BD1-9B55-8E9854CA9E27}.Release|Any CPU.ActiveCfg = Release|Any CPU
		{0D5C3B30-8C1D-4BD1-9B55-8E9854CA9E27}.Release|Any CPU.Build.0 = Release|Any CPU
		{86D5FE07-4B82-45F6-8A24-EEBA143CDD33}.Debug|Any CPU.ActiveCfg = Debug|Any CPU
		{86D5FE07-4B82-45F6-8A24-EEBA143CDD33}.Debug|Any CPU.Build.0 = Debug|Any CPU
		{86D5FE07-4B82-45F6-8A24-EEBA143CDD33}.Release|Any CPU.ActiveCfg = Release|Any CPU
		{86D5FE07-4B82-45F6-8A24-EEBA143CDD33}.Release|Any CPU.Build.0 = Release|Any CPU
	EndGlobalSection
	GlobalSection(SolutionProperties) = preSolution
		HideSolutionNode = FALSE
	EndGlobalSection
	GlobalSection(ExtensibilityGlobals) = postSolution
		SolutionGuid = {D2979829-878C-4A87-936E-2DE4DCD5B753}
	EndGlobalSection
EndGlobal
